
Microsoft Visual Studio Solution File, Format Version 12.00
# Visual Studio Version 17
VisualStudioVersion = 17.6.33801.468
MinimumVisualStudioVersion = 10.0.40219.1
Project("{FAE04EC0-301F-11D3-BF4B-00C04F79EFBC}") = "FileDirOpdracht", "FileDirOpdracht.csproj", "{1B5EEC36-C8DD-4035-A1E7-F0DFED3B415E}"
EndProject
Global
	GlobalSection(SolutionConfigurationPlatforms) = preSolution
		Debug|Any CPU = Debug|Any CPU
		Release|Any CPU = Release|Any CPU
	EndGlobalSection
	GlobalSection(ProjectConfigurationPlatforms) = postSolution
		{1B5EEC36-C8DD-4035-A1E7-F0DFED3B415E}.Debug|Any CPU.ActiveCfg = Debug|Any CPU
		{1B5EEC36-C8DD-4035-A1E7-F0DFED3B415E}.Debug|Any CPU.Build.0 = Debug|Any CPU
		{1B5EEC36-C8DD-4035-A1E7-F0DFED3B415E}.Release|Any CPU.ActiveCfg = Release|Any CPU
		{1B5EEC36-C8DD-4035-A1E7-F0DFED3B415E}.Release|Any CPU.Build.0 = Release|Any CPU
	EndGlobalSection
	GlobalSection(SolutionProperties) = preSolution
		HideSolutionNode = FALSE
	EndGlobalSection
	GlobalSection(ExtensibilityGlobals) = postSolution
		SolutionGuid = {C7771488-4FDC-4EA7-9771-0B69127C088A}
	EndGlobalSection
EndGlobal
